
Microsoft Visual Studio Solution File, Format Version 12.00
# Visual Studio 15
VisualStudioVersion = 15.0.28307.902
MinimumVisualStudioVersion = 10.0.40219.1
Project("{FAE04EC0-301F-11D3-BF4B-00C04F79EFBC}") = "BracketPairColorizer", "BracketPairColorizer\BracketPairColorizer.csproj", "{DB007425-4912-45CB-9673-E7859475DA71}"
EndProject
Project("{FAE04EC0-301F-11D3-BF4B-00C04F79EFBC}") = "BracketPairColorizer.Core", "BracketPairColorizer.Core\BracketPairColorizer.Core.csproj", "{3E0D5BDF-FFA1-4002-8819-C2C4EBC0BA21}"
EndProject
Project("{FAE04EC0-301F-11D3-BF4B-00C04F79EFBC}") = "BracketPairColorizer.Languages", "BracketPairColorizer.Languages\BracketPairColorizer.Languages.csproj", "{69CD983F-2C44-4DFE-A671-CE4074A131EB}"
EndProject
Project("{FAE04EC0-301F-11D3-BF4B-00C04F79EFBC}") = "BracketPairColorizer.Rainbow", "BracketPairColorizer.Rainbow\BracketPairColorizer.Rainbow.csproj", "{A69884F2-D8C3-486D-8C32-C42C45C26D2E}"
EndProject
Project("{FAE04EC0-301F-11D3-BF4B-00C04F79EFBC}") = "BracketPairColorizer.Settings", "BracketPairColorizer.Settings\BracketPairColorizer.Settings.csproj", "{3591C3FA-EF02-4558-BA6E-6BB3D6695EEC}"
EndProject
Project("{FAE04EC0-301F-11D3-BF4B-00C04F79EFBC}") = "BracketPairColorizer.Tests", "BracketPairColorizer.Tests\BracketPairColorizer.Tests.csproj", "{1395832B-0D1C-422D-AECD-6DDFCBF83298}"
EndProject
Project("{2150E333-8FDC-42A3-9474-1A3956D46DE8}") = "Solution Items", "Solution Items", "{3FE44386-5C1B-4F12-A715-0A1806E71A64}"
	ProjectSection(SolutionItems) = preProject
		.editorconfig = .editorconfig
		AssemblyInfo.Common.cs = AssemblyInfo.Common.cs
		Global.props = Global.props
	EndProjectSection
EndProject
Project("{2150E333-8FDC-42A3-9474-1A3956D46DE8}") = "Source", "Source", "{A95F154F-913C-45E8-AD8D-93D6C9C46C54}"
EndProject
Project("{2150E333-8FDC-42A3-9474-1A3956D46DE8}") = "Tests", "Tests", "{3BE94698-D781-4CB2-9B5A-C67CE8AB041C}"
EndProject
Project("{FAE04EC0-301F-11D3-BF4B-00C04F79EFBC}") = "BracketPairColorizer.Xml", "BracketPairColorizer.Xml\BracketPairColorizer.Xml.csproj", "{B1637137-4410-4A0A-8431-69E43EEDECFD}"
EndProject
Global
	GlobalSection(SolutionConfigurationPlatforms) = preSolution
		Debug|Any CPU = Debug|Any CPU
		Release|Any CPU = Release|Any CPU
	EndGlobalSection
	GlobalSection(ProjectConfigurationPlatforms) = postSolution
		{DB007425-4912-45CB-9673-E7859475DA71}.Debug|Any CPU.ActiveCfg = Debug|Any CPU
		{DB007425-4912-45CB-9673-E7859475DA71}.Debug|Any CPU.Build.0 = Debug|Any CPU
		{DB007425-4912-45CB-9673-E7859475DA71}.Release|Any CPU.ActiveCfg = Release|Any CPU
		{DB007425-4912-45CB-9673-E7859475DA71}.Release|Any CPU.Build.0 = Release|Any CPU
		{3E0D5BDF-FFA1-4002-8819-C2C4EBC0BA21}.Debug|Any CPU.ActiveCfg = Debug|Any CPU
		{3E0D5BDF-FFA1-4002-8819-C2C4EBC0BA21}.Debug|Any CPU.Build.0 = Debug|Any CPU
		{3E0D5BDF-FFA1-4002-8819-C2C4EBC0BA21}.Release|Any CPU.ActiveCfg = Release|Any CPU
		{3E0D5BDF-FFA1-4002-8819-C2C4EBC0BA21}.Release|Any CPU.Build.0 = Release|Any CPU
		{69CD983F-2C44-4DFE-A671-CE4074A131EB}.Debug|Any CPU.ActiveCfg = Debug|Any CPU
		{69CD983F-2C44-4DFE-A671-CE4074A131EB}.Debug|Any CPU.Build.0 = Debug|Any CPU
		{69CD983F-2C44-4DFE-A671-CE4074A131EB}.Release|Any CPU.ActiveCfg = Release|Any CPU
		{69CD983F-2C44-4DFE-A671-CE4074A131EB}.Release|Any CPU.Build.0 = Release|Any CPU
		{A69884F2-D8C3-486D-8C32-C42C45C26D2E}.Debug|Any CPU.ActiveCfg = Debug|Any CPU
		{A69884F2-D8C3-486D-8C32-C42C45C26D2E}.Debug|Any CPU.Build.0 = Debug|Any CPU
		{A69884F2-D8C3-486D-8C32-C42C45C26D2E}.Release|Any CPU.ActiveCfg = Release|Any CPU
		{A69884F2-D8C3-486D-8C32-C42C45C26D2E}.Release|Any CPU.Build.0 = Release|Any CPU
		{3591C3FA-EF02-4558-BA6E-6BB3D6695EEC}.Debug|Any CPU.ActiveCfg = Debug|Any CPU
		{3591C3FA-EF02-4558-BA6E-6BB3D6695EEC}.Debug|Any CPU.Build.0 = Debug|Any CPU
		{3591C3FA-EF02-4558-BA6E-6BB3D6695EEC}.Release|Any CPU.ActiveCfg = Release|Any CPU
		{3591C3FA-EF02-4558-BA6E-6BB3D6695EEC}.Release|Any CPU.Build.0 = Release|Any CPU
		{1395832B-0D1C-422D-AECD-6DDFCBF83298}.Debug|Any CPU.ActiveCfg = Debug|Any CPU
		{1395832B-0D1C-422D-AECD-6DDFCBF83298}.Debug|Any CPU.Build.0 = Debug|Any CPU
		{1395832B-0D1C-422D-AECD-6DDFCBF83298}.Release|Any CPU.ActiveCfg = Release|Any CPU
		{1395832B-0D1C-422D-AECD-6DDFCBF83298}.Release|Any CPU.Build.0 = Release|Any CPU
		{B1637137-4410-4A0A-8431-69E43EEDECFD}.Debug|Any CPU.ActiveCfg = Debug|Any CPU
		{B1637137-4410-4A0A-8431-69E43EEDECFD}.Debug|Any CPU.Build.0 = Debug|Any CPU
		{B1637137-4410-4A0A-8431-69E43EEDECFD}.Release|Any CPU.ActiveCfg = Release|Any CPU
		{B1637137-4410-4A0A-8431-69E43EEDECFD}.Release|Any CPU.Build.0 = Release|Any CPU
	EndGlobalSection
	GlobalSection(SolutionProperties) = preSolution
		HideSolutionNode = FALSE
	EndGlobalSection
	GlobalSection(NestedProjects) = preSolution
		{DB007425-4912-45CB-9673-E7859475DA71} = {A95F154F-913C-45E8-AD8D-93D6C9C46C54}
		{3E0D5BDF-FFA1-4002-8819-C2C4EBC0BA21} = {A95F154F-913C-45E8-AD8D-93D6C9C46C54}
		{69CD983F-2C44-4DFE-A671-CE4074A131EB} = {A95F154F-913C-45E8-AD8D-93D6C9C46C54}
		{A69884F2-D8C3-486D-8C32-C42C45C26D2E} = {A95F154F-913C-45E8-AD8D-93D6C9C46C54}
		{3591C3FA-EF02-4558-BA6E-6BB3D6695EEC} = {A95F154F-913C-45E8-AD8D-93D6C9C46C54}
		{1395832B-0D1C-422D-AECD-6DDFCBF83298} = {3BE94698-D781-4CB2-9B5A-C67CE8AB041C}
		{B1637137-4410-4A0A-8431-69E43EEDECFD} = {A95F154F-913C-45E8-AD8D-93D6C9C46C54}
	EndGlobalSection
	GlobalSection(ExtensibilityGlobals) = postSolution
		SolutionGuid = {D5F4F6CC-086B-4494-9B73-713A251EDAC7}
	EndGlobalSection
EndGlobal
